
Microsoft Visual Studio Solution File, Format Version 12.00
# Visual Studio 15
VisualStudioVersion = 15.0.28010.2050
MinimumVisualStudioVersion = 10.0.40219.1
Project("{8BC9CEB8-8B4A-11D0-8D11-00A0C91BC942}") = "Group_augmentation_RN", "Group_augmentation_RN\Group_augmentation_RN.vcxproj", "{CEC33DAF-FE28-47BE-8393-0C6BED97A4CD}"
EndProject
Global
	GlobalSection(SolutionConfigurationPlatforms) = preSolution
		Debug|x64 = Debug|x64
		Debug|x86 = Debug|x86
		Release|x64 = Release|x64
		Release|x86 = Release|x86
	EndGlobalSection
	GlobalSection(ProjectConfigurationPlatforms) = postSolution
		{CEC33DAF-FE28-47BE-8393-0C6BED97A4CD}.Debug|x64.ActiveCfg = Debug|x64
		{CEC33DAF-FE28-47BE-8393-0C6BED97A4CD}.Debug|x64.Build.0 = Debug|x64
		{CEC33DAF-FE28-47BE-8393-0C6BED97A4CD}.Debug|x86.ActiveCfg = Debug|Win32
		{CEC33DAF-FE28-47BE-8393-0C6BED97A4CD}.Debug|x86.Build.0 = Debug|Win32
		{CEC33DAF-FE28-47BE-8393-0C6BED97A4CD}.Release|x64.ActiveCfg = Release|x64
		{CEC33DAF-FE28-47BE-8393-0C6BED97A4CD}.Release|x64.Build.0 = Release|x64
		{CEC33DAF-FE28-47BE-8393-0C6BED97A4CD}.Release|x86.ActiveCfg = Release|Win32
		{CEC33DAF-FE28-47BE-8393-0C6BED97A4CD}.Release|x86.Build.0 = Release|Win32
	EndGlobalSection
	GlobalSection(SolutionProperties) = preSolution
		HideSolutionNode = FALSE
	EndGlobalSection
	GlobalSection(ExtensibilityGlobals) = postSolution
		SolutionGuid = {D40326C5-8776-4CD2-A890-8B4FA256F173}
	EndGlobalSection
EndGlobal
